{
  "name": "NoDistractions",
  "lockfileVersion": 3,
  "requires": true,
  "packages": {
    "": {
      "dependencies": {
        "chrome-types": "^0.1.379"
      }
    },
    "node_modules/chrome-types": {
      "version": "0.1.379",
      "resolved": "https://registry.npmjs.org/chrome-types/-/chrome-types-0.1.379.tgz",
      "integrity": "sha512-rMDb6NpC4OoQQDXTH/5tbgkAn+e5D89AShN6tF4iIs+kMrXqDdHzY6HzzMc4OT7oQ6dpv7hrHtyffZOjBXlbkw==",
      "license": "Apache-2.0"
    }
  }
}
